hash: c7bcc5f2adf018b6a8f85535cc2d6ec407d05310d7f41637af11461508f93a4d
updated: 2016-11-29T20:10:25.558497989-06:00
imports:
- name: github.com/daaku/go.zipexe
  version: a5fe2436ffcb3236e175e5149162b41cd28bd27d
- name: github.com/GeertJohan/go.rice
  version: 9fdfd46f9806a9228aae341d65ab75c5235c383c
  subpackages:
  - embedded
- name: github.com/inconshreveable/mousetrap
  version: 76626ae9c91c4f2a10f34cad8ce83ea42c93bb75
- name: github.com/kardianos/osext
  version: c2c54e542fb797ad986b31721e1baedf214ca413
- name: github.com/mattn/go-zglob
  version: 2dbd7f37a45e993d5180a251b4bdd314d6333b70
- name: github.com/mgutz/ansi
  version: c286dcecd19ff979eeb73ea444e479b903f2cfcb
- name: github.com/pkg/errors
  version: 645ef00459ed84a119197bfb8d8205042c6df63d
- name: github.com/Sirupsen/logrus
  version: d26492970760ca5d33129d2d799e34be5c4782eb
- name: github.com/spf13/cobra
  version: 9495bc009a56819bdb0ddbc1a373e29c140bc674
- name: github.com/spf13/pflag
  version: 5ccb023bc27df288a957c5e994cd44fd19619465
- name: github.com/Unknwon/com
  version: 28b053d5a2923b87ce8c5a08f3af779894a72758
- name: github.com/x-cray/logrus-prefixed-formatter
  version: 1d837bc239d1686e1ae281c4629495bd0e7da8d5
- name: golang.org/x/sys
  version: b699b7032584f0953262cb2788a0ca19bb494703
  subpackages:
  - unix
testImports: []
